
Microsoft Visual Studio Solution File, Format Version 12.00
# Visual Studio Version 17
VisualStudioVersion = 17.0.31903.59
MinimumVisualStudioVersion = 10.0.40219.1
Project("{FAE04EC0-301F-11D3-BF4B-00C04F79EFBC}") = "API", "Api\API.csproj", "{40303024-81D2-4DEB-9C5F-EE1C4B7F4F97}"
EndProject
Project("{FAE04EC0-301F-11D3-BF4B-00C04F79EFBC}") = "Domain", "Domain\Domain.csproj", "{3B3CF6E2-36EB-48DE-A9B6-6DA4D989A6D9}"
EndProject
Project("{FAE04EC0-301F-11D3-BF4B-00C04F79EFBC}") = "Persistence", "Persistence\Persistence.csproj", "{3748A394-B5E9-463F-ACE8-6C5791681D61}"
EndProject
Project("{FAE04EC0-301F-11D3-BF4B-00C04F79EFBC}") = "Application", "Application\Application.csproj", "{874F924D-8D5C-47A5-94B6-09014E1688EB}"
EndProject
Global
	GlobalSection(SolutionConfigurationPlatforms) = preSolution
		Debug|Any CPU = Debug|Any CPU
		Release|Any CPU = Release|Any CPU
	EndGlobalSection
	GlobalSection(ProjectConfigurationPlatforms) = postSolution
		{40303024-81D2-4DEB-9C5F-EE1C4B7F4F97}.Debug|Any CPU.ActiveCfg = Debug|Any CPU
		{40303024-81D2-4DEB-9C5F-EE1C4B7F4F97}.Debug|Any CPU.Build.0 = Debug|Any CPU
		{40303024-81D2-4DEB-9C5F-EE1C4B7F4F97}.Release|Any CPU.ActiveCfg = Release|Any CPU
		{40303024-81D2-4DEB-9C5F-EE1C4B7F4F97}.Release|Any CPU.Build.0 = Release|Any CPU
		{3B3CF6E2-36EB-48DE-A9B6-6DA4D989A6D9}.Debug|Any CPU.ActiveCfg = Debug|Any CPU
		{3B3CF6E2-36EB-48DE-A9B6-6DA4D989A6D9}.Debug|Any CPU.Build.0 = Debug|Any CPU
		{3B3CF6E2-36EB-48DE-A9B6-6DA4D989A6D9}.Release|Any CPU.ActiveCfg = Release|Any CPU
		{3B3CF6E2-36EB-48DE-A9B6-6DA4D989A6D9}.Release|Any CPU.Build.0 = Release|Any CPU
		{3748A394-B5E9-463F-ACE8-6C5791681D61}.Debug|Any CPU.ActiveCfg = Debug|Any CPU
		{3748A394-B5E9-463F-ACE8-6C5791681D61}.Debug|Any CPU.Build.0 = Debug|Any CPU
		{3748A394-B5E9-463F-ACE8-6C5791681D61}.Release|Any CPU.ActiveCfg = Release|Any CPU
		{3748A394-B5E9-463F-ACE8-6C5791681D61}.Release|Any CPU.Build.0 = Release|Any CPU
		{874F924D-8D5C-47A5-94B6-09014E1688EB}.Debug|Any CPU.ActiveCfg = Debug|Any CPU
		{874F924D-8D5C-47A5-94B6-09014E1688EB}.Debug|Any CPU.Build.0 = Debug|Any CPU
		{874F924D-8D5C-47A5-94B6-09014E1688EB}.Release|Any CPU.ActiveCfg = Release|Any CPU
		{874F924D-8D5C-47A5-94B6-09014E1688EB}.Release|Any CPU.Build.0 = Release|Any CPU
	EndGlobalSection
	GlobalSection(SolutionProperties) = preSolution
		HideSolutionNode = FALSE
	EndGlobalSection
EndGlobal
